{
  "name": "metafit",
  "lockfileVersion": 3,
  "requires": true,
  "packages": {
    "": {
      "dependencies": {
        "zod": "^4.0.10"
      }
    },
    "node_modules/zod": {
      "version": "4.0.10",
      "resolved": "https://registry.npmjs.org/zod/-/zod-4.0.10.tgz",
      "integrity": "sha512-3vB+UU3/VmLL2lvwcY/4RV2i9z/YU0DTV/tDuYjrwmx5WeJ7hwy+rGEEx8glHp6Yxw7ibRbKSaIFBgReRPe5KA==",
      "funding": {
        "url": "https://github.com/sponsors/colinhacks"
      }
    }
  }
}
